
Microsoft Visual Studio Solution File, Format Version 12.00
# Visual Studio Version 16
VisualStudioVersion = 16.0.29009.5
MinimumVisualStudioVersion = 10.0.40219.1
Project("{2150E333-8FDC-42A3-9474-1A3956D46DE8}") = "Domain", "Domain", "{33833112-3F16-420A-906C-9BAD051B6A49}"
EndProject
Project("{2150E333-8FDC-42A3-9474-1A3956D46DE8}") = "Infra", "Infra", "{8C125ECD-452E-457E-90C2-13B63B9C209C}"
EndProject
Project("{2150E333-8FDC-42A3-9474-1A3956D46DE8}") = "CrossCutting", "CrossCutting", "{69AA352E-2665-49EB-927D-0E4A843052AD}"
EndProject
Project("{2150E333-8FDC-42A3-9474-1A3956D46DE8}") = "Data", "Data", "{FDC3DA1E-9D2D-4FD6-8F22-12D4B0DDBE32}"
EndProject
Project("{2150E333-8FDC-42A3-9474-1A3956D46DE8}") = "Ioc", "Ioc", "{7EFE034A-C1C3-4065-93E6-7806FB65AD49}"
EndProject
Project("{2150E333-8FDC-42A3-9474-1A3956D46DE8}") = "Presentation", "Presentation", "{F3B737E5-4237-41A9-B243-DEDB3B7E0ED5}"
EndProject
Project("{2150E333-8FDC-42A3-9474-1A3956D46DE8}") = "Services", "Services", "{3211C2D1-BBEA-4B63-8B35-977EA638EE29}"
EndProject
Project("{2150E333-8FDC-42A3-9474-1A3956D46DE8}") = "Application", "Application", "{070BBBA3-4062-4D7B-9A35-C21682A11D43}"
EndProject
Project("{FAE04EC0-301F-11D3-BF4B-00C04F79EFBC}") = "Domain.Core", "Domain.Core\Domain.Core.csproj", "{6ABA3AB9-F832-43E0-9242-C2A13F452ED7}"
EndProject
Project("{FAE04EC0-301F-11D3-BF4B-00C04F79EFBC}") = "webService", "webService\webService.csproj", "{CC4F5439-A5AF-441F-89F7-5802540DEBD6}"
EndProject
Project("{2150E333-8FDC-42A3-9474-1A3956D46DE8}") = "DTO", "DTO", "{82A1C8D5-B78E-484A-9785-C08158A9DC7E}"
EndProject
Project("{FAE04EC0-301F-11D3-BF4B-00C04F79EFBC}") = "AdmCartorio", "AdmCartorio\AdmCartorio.csproj", "{D435ADAD-D19E-427A-B24B-B2ACA872914A}"
EndProject
Project("{FAE04EC0-301F-11D3-BF4B-00C04F79EFBC}") = "ConsoleAppTeste", "ConsoleAppTeste\ConsoleAppTeste.csproj", "{987DB189-FC8F-4F5A-9CD4-EBF0246BC397}"
EndProject
Project("{2150E333-8FDC-42A3-9474-1A3956D46DE8}") = "Libs", "Libs", "{D28CA6EB-6A2D-4D7F-BE86-19AC54B1FB73}"
EndProject
Project("{FAE04EC0-301F-11D3-BF4B-00C04F79EFBC}") = "LibFunctions", "LibFunctions\LibFunctions.csproj", "{9448E205-B5FF-4C2C-8FD5-F02D33FBD6BE}"
EndProject
Project("{FAE04EC0-301F-11D3-BF4B-00C04F79EFBC}") = "Infra.Cross.Ioc", "Infra.Cross.Ioc\Infra.Cross.Ioc.csproj", "{8D640C84-8708-4D6A-818D-0AAF95AEE1B1}"
EndProject
Project("{FAE04EC0-301F-11D3-BF4B-00C04F79EFBC}") = "Domain.CartNew", "Domain.CartNew\Domain.CartNew.csproj", "{389703FA-FEFD-4B4E-A573-E1A5102DC487}"
EndProject
Project("{FAE04EC0-301F-11D3-BF4B-00C04F79EFBC}") = "DomainServ.CartNew", "DomainServ.CartNew\DomainServ.CartNew.csproj", "{85CD34C3-543E-47B3-9F84-EFDDD4842DF3}"
EndProject
Project("{FAE04EC0-301F-11D3-BF4B-00C04F79EFBC}") = "Cartorio11RI", "Cartorio11RI\Cartorio11RI.csproj", "{24CA74F5-6AF8-4C67-AC79-3E648ECBEA68}"
EndProject
Project("{FAE04EC0-301F-11D3-BF4B-00C04F79EFBC}") = "Domain.Cart11RI", "Domain.Cart11RI\Domain.Cart11RI.csproj", "{697AC870-2894-4E2E-80D1-E1FE8E0F4989}"
EndProject
Project("{FAE04EC0-301F-11D3-BF4B-00C04F79EFBC}") = "Domain.Cart16RI", "Domain.Cart16RI\Domain.Cart16RI.csproj", "{69484485-7DE7-4DA1-815A-F2FE2A341F24}"
EndProject
Project("{FAE04EC0-301F-11D3-BF4B-00C04F79EFBC}") = "Dto.CartNew", "Dto.CartNew\Dto.CartNew.csproj", "{9D2D425D-C18A-4303-B1A3-1EE479026791}"
EndProject
Project("{FAE04EC0-301F-11D3-BF4B-00C04F79EFBC}") = "AppServ.Core", "AppServ.Core\AppServ.Core.csproj", "{65530998-722F-4323-80A9-96DEE5AD0629}"
EndProject
Project("{FAE04EC0-301F-11D3-BF4B-00C04F79EFBC}") = "AppServCart11RI", "AppServCart11RI\AppServCart11RI.csproj", "{068FD258-C027-4BF5-8D36-C43D78DE3BEF}"
EndProject
Project("{FAE04EC0-301F-11D3-BF4B-00C04F79EFBC}") = "AppServCart16RI", "AppServCart16RI\AppServCart16RI.csproj", "{155CE5EF-763C-44AE-8A8D-C3BDCFAD726D}"
EndProject
Project("{FAE04EC0-301F-11D3-BF4B-00C04F79EFBC}") = "Infra.Data.Core", "Infra.Data.Core\Infra.Data.Core.csproj", "{930ABDED-1ACC-4E71-8BEF-B093A7A3A48E}"
EndProject
Project("{FAE04EC0-301F-11D3-BF4B-00C04F79EFBC}") = "Infra.Data.CartNew", "Infra.Data.CartNew\Infra.Data.CartNew.csproj", "{8A65401A-6278-47D0-A1F4-3B4ACAB83322}"
EndProject
Project("{2150E333-8FDC-42A3-9474-1A3956D46DE8}") = "Identity", "Identity", "{6255C40D-84F0-4FA5-BA49-BDC3170A7D70}"
EndProject
Project("{FAE04EC0-301F-11D3-BF4B-00C04F79EFBC}") = "Infra.Cross.Identity", "Infra.Cross.Identity\Infra.Cross.Identity.csproj", "{39653212-6783-499E-B779-3C8963EA2FA9}"
EndProject
Global
	GlobalSection(SolutionConfigurationPlatforms) = preSolution
		Debug|Any CPU = Debug|Any CPU
		Release|Any CPU = Release|Any CPU
	EndGlobalSection
	GlobalSection(ProjectConfigurationPlatforms) = postSolution
		{6ABA3AB9-F832-43E0-9242-C2A13F452ED7}.Debug|Any CPU.ActiveCfg = Debug|Any CPU
		{6ABA3AB9-F832-43E0-9242-C2A13F452ED7}.Debug|Any CPU.Build.0 = Debug|Any CPU
		{6ABA3AB9-F832-43E0-9242-C2A13F452ED7}.Release|Any CPU.ActiveCfg = Release|Any CPU
		{6ABA3AB9-F832-43E0-9242-C2A13F452ED7}.Release|Any CPU.Build.0 = Release|Any CPU
		{CC4F5439-A5AF-441F-89F7-5802540DEBD6}.Debug|Any CPU.ActiveCfg = Debug|Any CPU
		{CC4F5439-A5AF-441F-89F7-5802540DEBD6}.Debug|Any CPU.Build.0 = Debug|Any CPU
		{CC4F5439-A5AF-441F-89F7-5802540DEBD6}.Release|Any CPU.ActiveCfg = Release|Any CPU
		{CC4F5439-A5AF-441F-89F7-5802540DEBD6}.Release|Any CPU.Build.0 = Release|Any CPU
		{D435ADAD-D19E-427A-B24B-B2ACA872914A}.Debug|Any CPU.ActiveCfg = Debug|Any CPU
		{D435ADAD-D19E-427A-B24B-B2ACA872914A}.Debug|Any CPU.Build.0 = Debug|Any CPU
		{D435ADAD-D19E-427A-B24B-B2ACA872914A}.Release|Any CPU.ActiveCfg = Release|Any CPU
		{D435ADAD-D19E-427A-B24B-B2ACA872914A}.Release|Any CPU.Build.0 = Release|Any CPU
		{987DB189-FC8F-4F5A-9CD4-EBF0246BC397}.Debug|Any CPU.ActiveCfg = Debug|Any CPU
		{987DB189-FC8F-4F5A-9CD4-EBF0246BC397}.Debug|Any CPU.Build.0 = Debug|Any CPU
		{987DB189-FC8F-4F5A-9CD4-EBF0246BC397}.Release|Any CPU.ActiveCfg = Release|Any CPU
		{987DB189-FC8F-4F5A-9CD4-EBF0246BC397}.Release|Any CPU.Build.0 = Release|Any CPU
		{9448E205-B5FF-4C2C-8FD5-F02D33FBD6BE}.Debug|Any CPU.ActiveCfg = Debug|Any CPU
		{9448E205-B5FF-4C2C-8FD5-F02D33FBD6BE}.Debug|Any CPU.Build.0 = Debug|Any CPU
		{9448E205-B5FF-4C2C-8FD5-F02D33FBD6BE}.Release|Any CPU.ActiveCfg = Release|Any CPU
		{9448E205-B5FF-4C2C-8FD5-F02D33FBD6BE}.Release|Any CPU.Build.0 = Release|Any CPU
		{8D640C84-8708-4D6A-818D-0AAF95AEE1B1}.Debug|Any CPU.ActiveCfg = Debug|Any CPU
		{8D640C84-8708-4D6A-818D-0AAF95AEE1B1}.Debug|Any CPU.Build.0 = Debug|Any CPU
		{8D640C84-8708-4D6A-818D-0AAF95AEE1B1}.Release|Any CPU.ActiveCfg = Release|Any CPU
		{8D640C84-8708-4D6A-818D-0AAF95AEE1B1}.Release|Any CPU.Build.0 = Release|Any CPU
		{389703FA-FEFD-4B4E-A573-E1A5102DC487}.Debug|Any CPU.ActiveCfg = Debug|Any CPU
		{389703FA-FEFD-4B4E-A573-E1A5102DC487}.Debug|Any CPU.Build.0 = Debug|Any CPU
		{389703FA-FEFD-4B4E-A573-E1A5102DC487}.Release|Any CPU.ActiveCfg = Release|Any CPU
		{389703FA-FEFD-4B4E-A573-E1A5102DC487}.Release|Any CPU.Build.0 = Release|Any CPU
		{85CD34C3-543E-47B3-9F84-EFDDD4842DF3}.Debug|Any CPU.ActiveCfg = Debug|Any CPU
		{85CD34C3-543E-47B3-9F84-EFDDD4842DF3}.Debug|Any CPU.Build.0 = Debug|Any CPU
		{85CD34C3-543E-47B3-9F84-EFDDD4842DF3}.Release|Any CPU.ActiveCfg = Release|Any CPU
		{85CD34C3-543E-47B3-9F84-EFDDD4842DF3}.Release|Any CPU.Build.0 = Release|Any CPU
		{24CA74F5-6AF8-4C67-AC79-3E648ECBEA68}.Debug|Any CPU.ActiveCfg = Debug|Any CPU
		{24CA74F5-6AF8-4C67-AC79-3E648ECBEA68}.Debug|Any CPU.Build.0 = Debug|Any CPU
		{24CA74F5-6AF8-4C67-AC79-3E648ECBEA68}.Release|Any CPU.ActiveCfg = Release|Any CPU
		{24CA74F5-6AF8-4C67-AC79-3E648ECBEA68}.Release|Any CPU.Build.0 = Release|Any CPU
		{697AC870-2894-4E2E-80D1-E1FE8E0F4989}.Debug|Any CPU.ActiveCfg = Debug|Any CPU
		{697AC870-2894-4E2E-80D1-E1FE8E0F4989}.Debug|Any CPU.Build.0 = Debug|Any CPU
		{697AC870-2894-4E2E-80D1-E1FE8E0F4989}.Release|Any CPU.ActiveCfg = Release|Any CPU
		{697AC870-2894-4E2E-80D1-E1FE8E0F4989}.Release|Any CPU.Build.0 = Release|Any CPU
		{69484485-7DE7-4DA1-815A-F2FE2A341F24}.Debug|Any CPU.ActiveCfg = Debug|Any CPU
		{69484485-7DE7-4DA1-815A-F2FE2A341F24}.Debug|Any CPU.Build.0 = Debug|Any CPU
		{69484485-7DE7-4DA1-815A-F2FE2A341F24}.Release|Any CPU.ActiveCfg = Release|Any CPU
		{69484485-7DE7-4DA1-815A-F2FE2A341F24}.Release|Any CPU.Build.0 = Release|Any CPU
		{9D2D425D-C18A-4303-B1A3-1EE479026791}.Debug|Any CPU.ActiveCfg = Debug|Any CPU
		{9D2D425D-C18A-4303-B1A3-1EE479026791}.Debug|Any CPU.Build.0 = Debug|Any CPU
		{9D2D425D-C18A-4303-B1A3-1EE479026791}.Release|Any CPU.ActiveCfg = Release|Any CPU
		{9D2D425D-C18A-4303-B1A3-1EE479026791}.Release|Any CPU.Build.0 = Release|Any CPU
		{65530998-722F-4323-80A9-96DEE5AD0629}.Debug|Any CPU.ActiveCfg = Debug|Any CPU
		{65530998-722F-4323-80A9-96DEE5AD0629}.Debug|Any CPU.Build.0 = Debug|Any CPU
		{65530998-722F-4323-80A9-96DEE5AD0629}.Release|Any CPU.ActiveCfg = Release|Any CPU
		{65530998-722F-4323-80A9-96DEE5AD0629}.Release|Any CPU.Build.0 = Release|Any CPU
		{068FD258-C027-4BF5-8D36-C43D78DE3BEF}.Debug|Any CPU.ActiveCfg = Debug|Any CPU
		{068FD258-C027-4BF5-8D36-C43D78DE3BEF}.Debug|Any CPU.Build.0 = Debug|Any CPU
		{068FD258-C027-4BF5-8D36-C43D78DE3BEF}.Release|Any CPU.ActiveCfg = Release|Any CPU
		{068FD258-C027-4BF5-8D36-C43D78DE3BEF}.Release|Any CPU.Build.0 = Release|Any CPU
		{155CE5EF-763C-44AE-8A8D-C3BDCFAD726D}.Debug|Any CPU.ActiveCfg = Debug|Any CPU
		{155CE5EF-763C-44AE-8A8D-C3BDCFAD726D}.Debug|Any CPU.Build.0 = Debug|Any CPU
		{155CE5EF-763C-44AE-8A8D-C3BDCFAD726D}.Release|Any CPU.ActiveCfg = Release|Any CPU
		{155CE5EF-763C-44AE-8A8D-C3BDCFAD726D}.Release|Any CPU.Build.0 = Release|Any CPU
		{930ABDED-1ACC-4E71-8BEF-B093A7A3A48E}.Debug|Any CPU.ActiveCfg = Debug|Any CPU
		{930ABDED-1ACC-4E71-8BEF-B093A7A3A48E}.Debug|Any CPU.Build.0 = Debug|Any CPU
		{930ABDED-1ACC-4E71-8BEF-B093A7A3A48E}.Release|Any CPU.ActiveCfg = Release|Any CPU
		{930ABDED-1ACC-4E71-8BEF-B093A7A3A48E}.Release|Any CPU.Build.0 = Release|Any CPU
		{8A65401A-6278-47D0-A1F4-3B4ACAB83322}.Debug|Any CPU.ActiveCfg = Debug|Any CPU
		{8A65401A-6278-47D0-A1F4-3B4ACAB83322}.Debug|Any CPU.Build.0 = Debug|Any CPU
		{8A65401A-6278-47D0-A1F4-3B4ACAB83322}.Release|Any CPU.ActiveCfg = Release|Any CPU
		{8A65401A-6278-47D0-A1F4-3B4ACAB83322}.Release|Any CPU.Build.0 = Release|Any CPU
		{39653212-6783-499E-B779-3C8963EA2FA9}.Debug|Any CPU.ActiveCfg = Debug|Any CPU
		{39653212-6783-499E-B779-3C8963EA2FA9}.Debug|Any CPU.Build.0 = Debug|Any CPU
		{39653212-6783-499E-B779-3C8963EA2FA9}.Release|Any CPU.ActiveCfg = Release|Any CPU
		{39653212-6783-499E-B779-3C8963EA2FA9}.Release|Any CPU.Build.0 = Release|Any CPU
	EndGlobalSection
	GlobalSection(SolutionProperties) = preSolution
		HideSolutionNode = FALSE
	EndGlobalSection
	GlobalSection(NestedProjects) = preSolution
		{69AA352E-2665-49EB-927D-0E4A843052AD} = {8C125ECD-452E-457E-90C2-13B63B9C209C}
		{FDC3DA1E-9D2D-4FD6-8F22-12D4B0DDBE32} = {8C125ECD-452E-457E-90C2-13B63B9C209C}
		{7EFE034A-C1C3-4065-93E6-7806FB65AD49} = {69AA352E-2665-49EB-927D-0E4A843052AD}
		{6ABA3AB9-F832-43E0-9242-C2A13F452ED7} = {33833112-3F16-420A-906C-9BAD051B6A49}
		{CC4F5439-A5AF-441F-89F7-5802540DEBD6} = {3211C2D1-BBEA-4B63-8B35-977EA638EE29}
		{82A1C8D5-B78E-484A-9785-C08158A9DC7E} = {69AA352E-2665-49EB-927D-0E4A843052AD}
		{D435ADAD-D19E-427A-B24B-B2ACA872914A} = {F3B737E5-4237-41A9-B243-DEDB3B7E0ED5}
		{987DB189-FC8F-4F5A-9CD4-EBF0246BC397} = {F3B737E5-4237-41A9-B243-DEDB3B7E0ED5}
		{D28CA6EB-6A2D-4D7F-BE86-19AC54B1FB73} = {69AA352E-2665-49EB-927D-0E4A843052AD}
		{9448E205-B5FF-4C2C-8FD5-F02D33FBD6BE} = {D28CA6EB-6A2D-4D7F-BE86-19AC54B1FB73}
		{8D640C84-8708-4D6A-818D-0AAF95AEE1B1} = {7EFE034A-C1C3-4065-93E6-7806FB65AD49}
		{389703FA-FEFD-4B4E-A573-E1A5102DC487} = {33833112-3F16-420A-906C-9BAD051B6A49}
		{85CD34C3-543E-47B3-9F84-EFDDD4842DF3} = {33833112-3F16-420A-906C-9BAD051B6A49}
		{24CA74F5-6AF8-4C67-AC79-3E648ECBEA68} = {F3B737E5-4237-41A9-B243-DEDB3B7E0ED5}
		{697AC870-2894-4E2E-80D1-E1FE8E0F4989} = {33833112-3F16-420A-906C-9BAD051B6A49}
		{69484485-7DE7-4DA1-815A-F2FE2A341F24} = {33833112-3F16-420A-906C-9BAD051B6A49}
		{9D2D425D-C18A-4303-B1A3-1EE479026791} = {82A1C8D5-B78E-484A-9785-C08158A9DC7E}
		{65530998-722F-4323-80A9-96DEE5AD0629} = {070BBBA3-4062-4D7B-9A35-C21682A11D43}
		{068FD258-C027-4BF5-8D36-C43D78DE3BEF} = {070BBBA3-4062-4D7B-9A35-C21682A11D43}
		{155CE5EF-763C-44AE-8A8D-C3BDCFAD726D} = {070BBBA3-4062-4D7B-9A35-C21682A11D43}
		{930ABDED-1ACC-4E71-8BEF-B093A7A3A48E} = {FDC3DA1E-9D2D-4FD6-8F22-12D4B0DDBE32}
		{8A65401A-6278-47D0-A1F4-3B4ACAB83322} = {FDC3DA1E-9D2D-4FD6-8F22-12D4B0DDBE32}
		{6255C40D-84F0-4FA5-BA49-BDC3170A7D70} = {69AA352E-2665-49EB-927D-0E4A843052AD}
		{39653212-6783-499E-B779-3C8963EA2FA9} = {6255C40D-84F0-4FA5-BA49-BDC3170A7D70}
	EndGlobalSection
	GlobalSection(ExtensibilityGlobals) = postSolution
		SolutionGuid = {4F5A36D4-9F3F-4E2B-AF4A-2828D7D92CE9}
	EndGlobalSection
EndGlobal
