
Microsoft Visual Studio Solution File, Format Version 12.00
# Visual Studio 15
VisualStudioVersion = 15.0.28307.421
MinimumVisualStudioVersion = 10.0.40219.1
Project("{2150E333-8FDC-42A3-9474-1A3956D46DE8}") = "Domain", "Domain", "{33833112-3F16-420A-906C-9BAD051B6A49}"
EndProject
Project("{2150E333-8FDC-42A3-9474-1A3956D46DE8}") = "Infra", "Infra", "{8C125ECD-452E-457E-90C2-13B63B9C209C}"
EndProject
Project("{2150E333-8FDC-42A3-9474-1A3956D46DE8}") = "CrossCutting", "CrossCutting", "{69AA352E-2665-49EB-927D-0E4A843052AD}"
EndProject
Project("{2150E333-8FDC-42A3-9474-1A3956D46DE8}") = "Data", "Data", "{FDC3DA1E-9D2D-4FD6-8F22-12D4B0DDBE32}"
EndProject
Project("{2150E333-8FDC-42A3-9474-1A3956D46DE8}") = "Ioc", "Ioc", "{7EFE034A-C1C3-4065-93E6-7806FB65AD49}"
EndProject
Project("{2150E333-8FDC-42A3-9474-1A3956D46DE8}") = "Presentation", "Presentation", "{F3B737E5-4237-41A9-B243-DEDB3B7E0ED5}"
EndProject
Project("{2150E333-8FDC-42A3-9474-1A3956D46DE8}") = "Services", "Services", "{3211C2D1-BBEA-4B63-8B35-977EA638EE29}"
EndProject
Project("{2150E333-8FDC-42A3-9474-1A3956D46DE8}") = "Application", "Application", "{070BBBA3-4062-4D7B-9A35-C21682A11D43}"
EndProject
Project("{FAE04EC0-301F-11D3-BF4B-00C04F79EFBC}") = "Infra.Data.Car16", "Infra.Data.Car16\Infra.Data.Car16.csproj", "{1214A5F7-317D-47B4-AC8D-88A3DB601F39}"
EndProject
Project("{FAE04EC0-301F-11D3-BF4B-00C04F79EFBC}") = "Domain.Core", "Domain.Core\Domain.Core.csproj", "{6ABA3AB9-F832-43E0-9242-C2A13F452ED7}"
EndProject
Project("{FAE04EC0-301F-11D3-BF4B-00C04F79EFBC}") = "webService", "webService\webService.csproj", "{CC4F5439-A5AF-441F-89F7-5802540DEBD6}"
EndProject
Project("{FAE04EC0-301F-11D3-BF4B-00C04F79EFBC}") = "AppServices.Car16", "AppServices.Car16\AppServices.Car16.csproj", "{CF7ADFFE-266E-4348-9626-980D1BF1932D}"
EndProject
Project("{FAE04EC0-301F-11D3-BF4B-00C04F79EFBC}") = "Domain.Car16", "Domain.Car16\Domain.Car16.csproj", "{AE8086A7-8173-4A35-BC8F-67574C1BD7DD}"
EndProject
Project("{2150E333-8FDC-42A3-9474-1A3956D46DE8}") = "DTO", "DTO", "{82A1C8D5-B78E-484A-9785-C08158A9DC7E}"
EndProject
Project("{FAE04EC0-301F-11D3-BF4B-00C04F79EFBC}") = "Dto.Car16", "Dto.Car16\Dto.Car16.csproj", "{07FD67EE-88AB-4D3D-9040-038DFB13D7F3}"
EndProject
Project("{FAE04EC0-301F-11D3-BF4B-00C04F79EFBC}") = "AdmExemploCompleto", "AdmExemplo\AdmExemploCompleto.csproj", "{2AD3ACB9-AE01-4AA2-8B82-A06137109700}"
EndProject
Project("{FAE04EC0-301F-11D3-BF4B-00C04F79EFBC}") = "AppBootStrapMin", "AppBootStrapMin\AppBootStrapMin.csproj", "{CBC5E82B-35A3-481D-A048-5B200B97B0CA}"
EndProject
Project("{FAE04EC0-301F-11D3-BF4B-00C04F79EFBC}") = "SmartAdmin.SeedProject", "AdmMinCartooSoft\SmartAdmin.SeedProject.csproj", "{24CA74F5-6AF8-4C67-AC79-3E648ECBEA68}"
EndProject
Project("{FAE04EC0-301F-11D3-BF4B-00C04F79EFBC}") = "SmartAdminMvc", "AppFull\SmartAdminMvc.csproj", "{91F70BFD-7647-452B-86A8-77A81B1140AE}"
EndProject
Project("{FAE04EC0-301F-11D3-BF4B-00C04F79EFBC}") = "AdmCartorio", "AdmCartorio\AdmCartorio.csproj", "{D435ADAD-D19E-427A-B24B-B2ACA872914A}"
EndProject
Project("{FAE04EC0-301F-11D3-BF4B-00C04F79EFBC}") = "ConsoleAppTeste", "ConsoleAppTeste\ConsoleAppTeste.csproj", "{987DB189-FC8F-4F5A-9CD4-EBF0246BC397}"
EndProject
Project("{FAE04EC0-301F-11D3-BF4B-00C04F79EFBC}") = "ConsoleAppTeste2", "ConsoleAppTeste2\ConsoleAppTeste2.csproj", "{1895D9A7-8673-44E4-81CE-D4BA48A66C03}"
EndProject
Project("{2150E333-8FDC-42A3-9474-1A3956D46DE8}") = "Libs", "Libs", "{D28CA6EB-6A2D-4D7F-BE86-19AC54B1FB73}"
EndProject
Project("{FAE04EC0-301F-11D3-BF4B-00C04F79EFBC}") = "LibFunctions", "LibFunctions\LibFunctions.csproj", "{9448E205-B5FF-4C2C-8FD5-F02D33FBD6BE}"
EndProject
Project("{FAE04EC0-301F-11D3-BF4B-00C04F79EFBC}") = "Infra.Cross.Ioc", "Infra.Cross.Ioc\Infra.Cross.Ioc.csproj", "{8D640C84-8708-4D6A-818D-0AAF95AEE1B1}"
EndProject
Global
	GlobalSection(SolutionConfigurationPlatforms) = preSolution
		Debug|Any CPU = Debug|Any CPU
		Release|Any CPU = Release|Any CPU
	EndGlobalSection
	GlobalSection(ProjectConfigurationPlatforms) = postSolution
		{1214A5F7-317D-47B4-AC8D-88A3DB601F39}.Debug|Any CPU.ActiveCfg = Debug|Any CPU
		{1214A5F7-317D-47B4-AC8D-88A3DB601F39}.Debug|Any CPU.Build.0 = Debug|Any CPU
		{1214A5F7-317D-47B4-AC8D-88A3DB601F39}.Release|Any CPU.ActiveCfg = Release|Any CPU
		{1214A5F7-317D-47B4-AC8D-88A3DB601F39}.Release|Any CPU.Build.0 = Release|Any CPU
		{6ABA3AB9-F832-43E0-9242-C2A13F452ED7}.Debug|Any CPU.ActiveCfg = Debug|Any CPU
		{6ABA3AB9-F832-43E0-9242-C2A13F452ED7}.Debug|Any CPU.Build.0 = Debug|Any CPU
		{6ABA3AB9-F832-43E0-9242-C2A13F452ED7}.Release|Any CPU.ActiveCfg = Release|Any CPU
		{6ABA3AB9-F832-43E0-9242-C2A13F452ED7}.Release|Any CPU.Build.0 = Release|Any CPU
		{CC4F5439-A5AF-441F-89F7-5802540DEBD6}.Debug|Any CPU.ActiveCfg = Debug|Any CPU
		{CC4F5439-A5AF-441F-89F7-5802540DEBD6}.Debug|Any CPU.Build.0 = Debug|Any CPU
		{CC4F5439-A5AF-441F-89F7-5802540DEBD6}.Release|Any CPU.ActiveCfg = Release|Any CPU
		{CC4F5439-A5AF-441F-89F7-5802540DEBD6}.Release|Any CPU.Build.0 = Release|Any CPU
		{CF7ADFFE-266E-4348-9626-980D1BF1932D}.Debug|Any CPU.ActiveCfg = Debug|Any CPU
		{CF7ADFFE-266E-4348-9626-980D1BF1932D}.Debug|Any CPU.Build.0 = Debug|Any CPU
		{CF7ADFFE-266E-4348-9626-980D1BF1932D}.Release|Any CPU.ActiveCfg = Release|Any CPU
		{CF7ADFFE-266E-4348-9626-980D1BF1932D}.Release|Any CPU.Build.0 = Release|Any CPU
		{AE8086A7-8173-4A35-BC8F-67574C1BD7DD}.Debug|Any CPU.ActiveCfg = Debug|Any CPU
		{AE8086A7-8173-4A35-BC8F-67574C1BD7DD}.Debug|Any CPU.Build.0 = Debug|Any CPU
		{AE8086A7-8173-4A35-BC8F-67574C1BD7DD}.Release|Any CPU.ActiveCfg = Release|Any CPU
		{AE8086A7-8173-4A35-BC8F-67574C1BD7DD}.Release|Any CPU.Build.0 = Release|Any CPU
		{07FD67EE-88AB-4D3D-9040-038DFB13D7F3}.Debug|Any CPU.ActiveCfg = Debug|Any CPU
		{07FD67EE-88AB-4D3D-9040-038DFB13D7F3}.Debug|Any CPU.Build.0 = Debug|Any CPU
		{07FD67EE-88AB-4D3D-9040-038DFB13D7F3}.Release|Any CPU.ActiveCfg = Release|Any CPU
		{07FD67EE-88AB-4D3D-9040-038DFB13D7F3}.Release|Any CPU.Build.0 = Release|Any CPU
		{2AD3ACB9-AE01-4AA2-8B82-A06137109700}.Debug|Any CPU.ActiveCfg = Debug|Any CPU
		{2AD3ACB9-AE01-4AA2-8B82-A06137109700}.Debug|Any CPU.Build.0 = Debug|Any CPU
		{2AD3ACB9-AE01-4AA2-8B82-A06137109700}.Release|Any CPU.ActiveCfg = Release|Any CPU
		{2AD3ACB9-AE01-4AA2-8B82-A06137109700}.Release|Any CPU.Build.0 = Release|Any CPU
		{CBC5E82B-35A3-481D-A048-5B200B97B0CA}.Debug|Any CPU.ActiveCfg = Debug|Any CPU
		{CBC5E82B-35A3-481D-A048-5B200B97B0CA}.Debug|Any CPU.Build.0 = Debug|Any CPU
		{CBC5E82B-35A3-481D-A048-5B200B97B0CA}.Release|Any CPU.ActiveCfg = Release|Any CPU
		{CBC5E82B-35A3-481D-A048-5B200B97B0CA}.Release|Any CPU.Build.0 = Release|Any CPU
		{24CA74F5-6AF8-4C67-AC79-3E648ECBEA68}.Debug|Any CPU.ActiveCfg = Debug|Any CPU
		{24CA74F5-6AF8-4C67-AC79-3E648ECBEA68}.Debug|Any CPU.Build.0 = Debug|Any CPU
		{24CA74F5-6AF8-4C67-AC79-3E648ECBEA68}.Release|Any CPU.ActiveCfg = Release|Any CPU
		{24CA74F5-6AF8-4C67-AC79-3E648ECBEA68}.Release|Any CPU.Build.0 = Release|Any CPU
		{91F70BFD-7647-452B-86A8-77A81B1140AE}.Debug|Any CPU.ActiveCfg = Debug|Any CPU
		{91F70BFD-7647-452B-86A8-77A81B1140AE}.Debug|Any CPU.Build.0 = Debug|Any CPU
		{91F70BFD-7647-452B-86A8-77A81B1140AE}.Release|Any CPU.ActiveCfg = Release|Any CPU
		{91F70BFD-7647-452B-86A8-77A81B1140AE}.Release|Any CPU.Build.0 = Release|Any CPU
		{D435ADAD-D19E-427A-B24B-B2ACA872914A}.Debug|Any CPU.ActiveCfg = Debug|Any CPU
		{D435ADAD-D19E-427A-B24B-B2ACA872914A}.Debug|Any CPU.Build.0 = Debug|Any CPU
		{D435ADAD-D19E-427A-B24B-B2ACA872914A}.Release|Any CPU.ActiveCfg = Release|Any CPU
		{D435ADAD-D19E-427A-B24B-B2ACA872914A}.Release|Any CPU.Build.0 = Release|Any CPU
		{987DB189-FC8F-4F5A-9CD4-EBF0246BC397}.Debug|Any CPU.ActiveCfg = Debug|Any CPU
		{987DB189-FC8F-4F5A-9CD4-EBF0246BC397}.Debug|Any CPU.Build.0 = Debug|Any CPU
		{987DB189-FC8F-4F5A-9CD4-EBF0246BC397}.Release|Any CPU.ActiveCfg = Release|Any CPU
		{987DB189-FC8F-4F5A-9CD4-EBF0246BC397}.Release|Any CPU.Build.0 = Release|Any CPU
		{1895D9A7-8673-44E4-81CE-D4BA48A66C03}.Debug|Any CPU.ActiveCfg = Debug|Any CPU
		{1895D9A7-8673-44E4-81CE-D4BA48A66C03}.Debug|Any CPU.Build.0 = Debug|Any CPU
		{1895D9A7-8673-44E4-81CE-D4BA48A66C03}.Release|Any CPU.ActiveCfg = Release|Any CPU
		{1895D9A7-8673-44E4-81CE-D4BA48A66C03}.Release|Any CPU.Build.0 = Release|Any CPU
		{9448E205-B5FF-4C2C-8FD5-F02D33FBD6BE}.Debug|Any CPU.ActiveCfg = Debug|Any CPU
		{9448E205-B5FF-4C2C-8FD5-F02D33FBD6BE}.Debug|Any CPU.Build.0 = Debug|Any CPU
		{9448E205-B5FF-4C2C-8FD5-F02D33FBD6BE}.Release|Any CPU.ActiveCfg = Release|Any CPU
		{9448E205-B5FF-4C2C-8FD5-F02D33FBD6BE}.Release|Any CPU.Build.0 = Release|Any CPU
		{8D640C84-8708-4D6A-818D-0AAF95AEE1B1}.Debug|Any CPU.ActiveCfg = Debug|Any CPU
		{8D640C84-8708-4D6A-818D-0AAF95AEE1B1}.Debug|Any CPU.Build.0 = Debug|Any CPU
		{8D640C84-8708-4D6A-818D-0AAF95AEE1B1}.Release|Any CPU.ActiveCfg = Release|Any CPU
		{8D640C84-8708-4D6A-818D-0AAF95AEE1B1}.Release|Any CPU.Build.0 = Release|Any CPU
	EndGlobalSection
	GlobalSection(SolutionProperties) = preSolution
		HideSolutionNode = FALSE
	EndGlobalSection
	GlobalSection(NestedProjects) = preSolution
		{69AA352E-2665-49EB-927D-0E4A843052AD} = {8C125ECD-452E-457E-90C2-13B63B9C209C}
		{FDC3DA1E-9D2D-4FD6-8F22-12D4B0DDBE32} = {8C125ECD-452E-457E-90C2-13B63B9C209C}
		{7EFE034A-C1C3-4065-93E6-7806FB65AD49} = {69AA352E-2665-49EB-927D-0E4A843052AD}
		{1214A5F7-317D-47B4-AC8D-88A3DB601F39} = {FDC3DA1E-9D2D-4FD6-8F22-12D4B0DDBE32}
		{6ABA3AB9-F832-43E0-9242-C2A13F452ED7} = {33833112-3F16-420A-906C-9BAD051B6A49}
		{CC4F5439-A5AF-441F-89F7-5802540DEBD6} = {3211C2D1-BBEA-4B63-8B35-977EA638EE29}
		{CF7ADFFE-266E-4348-9626-980D1BF1932D} = {070BBBA3-4062-4D7B-9A35-C21682A11D43}
		{AE8086A7-8173-4A35-BC8F-67574C1BD7DD} = {33833112-3F16-420A-906C-9BAD051B6A49}
		{82A1C8D5-B78E-484A-9785-C08158A9DC7E} = {69AA352E-2665-49EB-927D-0E4A843052AD}
		{07FD67EE-88AB-4D3D-9040-038DFB13D7F3} = {82A1C8D5-B78E-484A-9785-C08158A9DC7E}
		{2AD3ACB9-AE01-4AA2-8B82-A06137109700} = {F3B737E5-4237-41A9-B243-DEDB3B7E0ED5}
		{CBC5E82B-35A3-481D-A048-5B200B97B0CA} = {F3B737E5-4237-41A9-B243-DEDB3B7E0ED5}
		{24CA74F5-6AF8-4C67-AC79-3E648ECBEA68} = {F3B737E5-4237-41A9-B243-DEDB3B7E0ED5}
		{91F70BFD-7647-452B-86A8-77A81B1140AE} = {F3B737E5-4237-41A9-B243-DEDB3B7E0ED5}
		{D435ADAD-D19E-427A-B24B-B2ACA872914A} = {F3B737E5-4237-41A9-B243-DEDB3B7E0ED5}
		{987DB189-FC8F-4F5A-9CD4-EBF0246BC397} = {F3B737E5-4237-41A9-B243-DEDB3B7E0ED5}
		{1895D9A7-8673-44E4-81CE-D4BA48A66C03} = {F3B737E5-4237-41A9-B243-DEDB3B7E0ED5}
		{D28CA6EB-6A2D-4D7F-BE86-19AC54B1FB73} = {69AA352E-2665-49EB-927D-0E4A843052AD}
		{9448E205-B5FF-4C2C-8FD5-F02D33FBD6BE} = {D28CA6EB-6A2D-4D7F-BE86-19AC54B1FB73}
		{8D640C84-8708-4D6A-818D-0AAF95AEE1B1} = {7EFE034A-C1C3-4065-93E6-7806FB65AD49}
	EndGlobalSection
	GlobalSection(ExtensibilityGlobals) = postSolution
		SolutionGuid = {4F5A36D4-9F3F-4E2B-AF4A-2828D7D92CE9}
	EndGlobalSection
EndGlobal
